# This file was autogenerated by uv via the following command:
#    uv export --python 3.12 --no-hashes --format requirements-txt
annotated-doc==0.0.5
    # via fastapi
annotated-types==0.8.0
    # via pydantic
anyio==4.15.1
    # via
    #   httpx
    #   httpx2
    #   mcp
    #   sse-starlette
    #   starlette
    #   watchfiles
attrs==26.1.0
    # via
    #   jsonschema
    #   referencing
certifi==2026.7.22
    # via
    #   httpcore
    #   httpx
cffi==2.1.1 ; platform_python_implementation != 'PyPy'
    # via cryptography
click==8.5.0
    # via uvicorn
colorama==0.4.6 ; sys_platform == 'win32'
    # via pytest
contourpy==1.4.0
    # via matplotlib
cryptography==50.0.2
    # via pyjwt
cycler==0.12.1
    # via matplotlib
duckdb==1.5.6
    # via pairs-divergence-explorer
fastapi==0.142.2
    # via pairs-divergence-explorer
fonttools==4.66.1
    # via matplotlib
formulaic==1.2.2
    # via statsmodels
h11==0.16.0
    # via
    #   httpcore
    #   httpcore2
    #   uvicorn
httpcore==1.0.9
    # via httpx
httpcore2==2.13.1 ; sys_platform != 'emscripten'
    # via httpx2
httptools==0.8.0
    # via uvicorn
httpx==0.28.1
    # via pairs-divergence-explorer
httpx2==2.13.1
    # via mcp
httpx2-jsfetch==1.0 ; sys_platform == 'emscripten'
    # via httpx2
idna==3.20
    # via
    #   anyio
    #   httpx
    #   httpx2
iniconfig==2.3.0
    # via pytest
interface-meta==2.0.1
    # via formulaic
jsonschema==4.26.0
    # via mcp
jsonschema-specifications==2025.9.1
    # via jsonschema
kiwisolver==1.5.1
    # via matplotlib
matplotlib==3.11.2
    # via pairs-divergence-explorer
mcp==2.2.0
    # via pairs-divergence-explorer
mcp-types==2.2.0
    # via mcp
narwhals==2.26.0
    # via formulaic
numpy==2.5.3
    # via
    #   contourpy
    #   formulaic
    #   matplotlib
    #   pairs-divergence-explorer
    #   pandas
    #   patsy
    #   scipy
    #   statsmodels
opentelemetry-api==1.45.0
    # via
    #   fastapi
    #   mcp
packaging==26.3
    # via
    #   matplotlib
    #   patsy
    #   pytest
    #   statsmodels
pandas==3.0.6
    # via
    #   formulaic
    #   pairs-divergence-explorer
    #   statsmodels
patsy==1.0.3
    # via statsmodels
pillow==12.3.0
    # via matplotlib
pluggy==1.6.0
    # via pytest
pyarrow==25.0.1
    # via pairs-divergence-explorer
pycparser==3.0 ; implementation_name != 'PyPy' and platform_python_implementation != 'PyPy'
    # via cffi
pydantic==2.13.5
    # via
    #   fastapi
    #   mcp
    #   mcp-types
    #   pairs-divergence-explorer
pydantic-core==2.46.5
    # via pydantic
pygments==2.21.0
    # via pytest
pyjwt==2.15.1
    # via mcp
pyparsing==3.3.3
    # via matplotlib
pytest==9.1.1
    # via pytest-asyncio
pytest-asyncio==1.4.0
python-dateutil==2.9.0.post0
    # via
    #   matplotlib
    #   pandas
python-dotenv==1.2.4
    # via uvicorn
python-multipart==0.0.32
    # via mcp
pywin32==312 ; sys_platform == 'win32'
    # via mcp
pyyaml==6.0.3
    # via
    #   pairs-divergence-explorer
    #   uvicorn
referencing==0.37.0
    # via
    #   jsonschema
    #   jsonschema-specifications
rpds-py==2026.6.3
    # via
    #   jsonschema
    #   referencing
scipy==1.18.1
    # via
    #   formulaic
    #   pairs-divergence-explorer
    #   statsmodels
six==1.17.0
    # via python-dateutil
sse-starlette==3.5.0
    # via mcp
starlette==1.7.0
    # via
    #   fastapi
    #   mcp
    #   sse-starlette
statsmodels==0.15.0
    # via pairs-divergence-explorer
truststore==0.10.4 ; sys_platform != 'emscripten'
    # via
    #   httpcore2
    #   httpx2
typing-extensions==4.16.0
    # via
    #   anyio
    #   fastapi
    #   formulaic
    #   httpx2
    #   mcp
    #   mcp-types
    #   opentelemetry-api
    #   pydantic
    #   pydantic-core
    #   pytest-asyncio
    #   referencing
    #   starlette
    #   typing-inspection
typing-inspection==0.4.4
    # via
    #   fastapi
    #   mcp
    #   pydantic
tzdata==2026.4 ; sys_platform == 'emscripten' or sys_platform == 'win32'
    # via pandas
uvicorn==0.54.0
    # via
    #   mcp
    #   pairs-divergence-explorer
uvloop==0.23.0 ; platform_python_implementation != 'PyPy' and sys_platform != 'cygwin' and sys_platform != 'win32'
    # via uvicorn
watchfiles==1.3.0
    # via uvicorn
websockets==17.1
    # via uvicorn
wrapt==2.5.0
    # via formulaic
